DEPENDENCIES
  atom
    git: git@github.com:dayne/chef-atom.git
    revision: 86b6eda6ce9c22a3ea5ee7e1e191bc5bc7423a21
    branch: relaxhomebrew
  d_devbox
    path: .
    metadata: true
  terraform
    git: https://github.com/dayne/chef-terraform
    revision: 82f1ac3b35945dd3d49d7dd2a29c6e7de9e93119
    branch: chef13
  virtualbox
    git: https://github.com/dayne/virtualbox-cookbook
    revision: 3a9b8681d3d3bee06d710cd5a75a4c065e194d21

GRAPH
  apache2 (5.0.1)
  apt (7.0.0)
  ark (3.1.0)
    build-essential (>= 0.0.0)
    seven_zip (>= 0.0.0)
    windows (>= 0.0.0)
  atom (0.2.2)
    apt (> 3.0)
    homebrew (< 5.0.0)
  build-essential (8.1.1)
    mingw (>= 1.1)
    seven_zip (>= 0.0.0)
  d_devbox (0.2.0)
    apt (>= 0.0.0)
    atom (>= 0.2.0)
    docker (>= 2.15.25)
    habitat (>= 0.3.0)
    terraform (>= 1.0.1)
    vagrant (>= 0.7.0)
    virtualbox (>= 2.1)
  dmg (4.1.1)
  docker (4.3.0)
  habitat (0.57.0)
  homebrew (4.3.0)
  mingw (2.0.2)
    seven_zip (>= 0.0.0)
  seven_zip (3.0.0)
    windows (>= 0.0.0)
  terraform (1.0.3)
    ark (>= 2.0)
    build-essential (~> 8.0)
  vagrant (0.9.1)
    dmg (>= 2.2.2)
  virtualbox (2.1.0)
    apache2 (>= 0.0.0)
    apt (>= 0.0.0)
    dmg (>= 0.0.0)
    windows (>= 0.0.0)
    yum (> 3.1)
  windows (4.3.3)
  yum (5.1.0)
