DEPENDENCIES
  atom
    git: git@github.com:dayne/chef-atom.git
    revision: 2fd6963345a447cc53977f52a5478cfe62d4094e
    branch: relaxhomebrew
  d_devbox
    path: .
    metadata: true
  terraform
    git: https://github.com/rosstimson/chef-terraform
    revision: 34626fe79cf5e11edf058825ab0c894393e449f8
  virtualbox
    git: https://github.com/dayne/virtualbox-cookbook
    revision: 5f25e175180126d7b26395963b253399b721868a

GRAPH
  apache2 (5.0.1)
  apt (3.0.0)
  ark (2.2.1)
    build-essential (>= 0.0.0)
    seven_zip (>= 0.0.0)
    windows (>= 0.0.0)
  atom (0.2.1)
    apt (~> 3.0)
    homebrew (< 5.0.0)
  build-essential (8.0.3)
    mingw (>= 1.1)
    seven_zip (>= 0.0.0)
  d_devbox (0.1.16)
    atom (>= 0.2.0)
    docker (>= 2.15.25)
    habitat (>= 0.3.0)
    sbp_packer (>= 1.4.7)
    terraform (>= 1.0.1)
    vagrant (>= 0.7.0)
    virtualbox (>= 2.0.0)
  dmg (3.1.1)
  docker (4.0.0)
  golang (1.7.0)
  habitat (0.52.0)
  homebrew (4.3.0)
  mingw (2.0.1)
    seven_zip (>= 0.0.0)
  ohai (5.2.0)
  sbp_packer (1.4.8)
    ark (>= 1.0.0)
    golang (>= 1.7.0)
  seven_zip (2.0.2)
    windows (>= 1.2.2)
  terraform (1.0.2)
    ark (~> 2.0)
    build-essential (~> 8.0)
  vagrant (0.7.1)
    dmg (>= 2.2.2)
    windows (>= 1.38)
  virtualbox (2.0.3)
    apache2 (>= 0.0.0)
    apt (>= 0.0.0)
    dmg (>= 0.0.0)
    windows (>= 0.0.0)
    yum (~> 3.1)
  windows (3.3.0)
    ohai (>= 4.0.0)
  yum (3.13.0)
